// !$*UTF8*$!
{
	archiveVersion = 1;
	classes = {
	};
	objectVersion = 50;
	objects = {

/* Begin PBXFileReference section */
		2A350E0D25B9057C0047D263 /* raspberry-pi-hub.py */ = {isa = PBXFileReference; lastKnownFileType = text.script.python; path = "raspberry-pi-hub.py"; sourceTree = "<group>"; };
		2A9C7D6125AA8ACF0051B1A0 /* LCD16x2-temp-NRF24l01-v1.5 */ = {isa = PBXFileReference; lastKnownFileType = folder; path = "LCD16x2-temp-NRF24l01-v1.5"; sourceTree = "<group>"; };
		2A9C7D6225AA8B1A0051B1A0 /* sensor-node-sends-q8s-T-powersave-barebone-atmega-3.3vreg-offv6 */ = {isa = PBXFileReference; lastKnownFileType = folder; path = "sensor-node-sends-q8s-T-powersave-barebone-atmega-3.3vreg-offv6"; sourceTree = "<group>"; };
		2A9C7D6525AFED160051B1A0 /* SimpleRx */ = {isa = PBXFileReference; lastKnownFileType = folder; path = SimpleRx; sourceTree = "<group>"; };
		2A9C7D6625AFED160051B1A0 /* SimpleTx */ = {isa = PBXFileReference; lastKnownFileType = folder; path = SimpleTx; sourceTree = "<group>"; };
/* End PBXFileReference section */

/* Begin PBXGroup section */
		2A9C7D5A25AA8A770051B1A0 = {
			isa = PBXGroup;
			children = (
				2A350E0D25B9057C0047D263 /* raspberry-pi-hub.py */,
				2A9C7D6525AFED160051B1A0 /* SimpleRx */,
				2A9C7D6625AFED160051B1A0 /* SimpleTx */,
				2A9C7D6225AA8B1A0051B1A0 /* sensor-node-sends-q8s-T-powersave-barebone-atmega-3.3vreg-offv6 */,
				2A9C7D6125AA8ACF0051B1A0 /* LCD16x2-temp-NRF24l01-v1.5 */,
			);
			sourceTree = "<group>";
		};
/* End PBXGroup section */

/* Begin PBXProject section */
		2A9C7D5B25AA8A780051B1A0 /* Project object */ = {
			isa = PBXProject;
			attributes = {
				LastUpgradeCheck = 1000;
			};
			buildConfigurationList = 2A9C7D5E25AA8A780051B1A0 /* Build configuration list for PBXProject "atmega328p-nrf2401-temp" */;
			compatibilityVersion = "Xcode 9.3";
			developmentRegion = en;
			hasScannedForEncodings = 0;
			knownRegions = (
				en,
			);
			mainGroup = 2A9C7D5A25AA8A770051B1A0;
			projectDirPath = "";
			projectRoot = "";
			targets = (
			);
		};
/* End PBXProject section */

/* Begin XCBuildConfiguration section */
		2A9C7D5F25AA8A780051B1A0 /* Debug */ = {
			isa = XCBuildConfiguration;
			buildSettings = {
			};
			name = Debug;
		};
		2A9C7D6025AA8A780051B1A0 /* Release */ = {
			isa = XCBuildConfiguration;
			buildSettings = {
			};
			name = Release;
		};
/* End XCBuildConfiguration section */

/* Begin XCConfigurationList section */
		2A9C7D5E25AA8A780051B1A0 /* Build configuration list for PBXProject "atmega328p-nrf2401-temp" */ = {
			isa = XCConfigurationList;
			buildConfigurations = (
				2A9C7D5F25AA8A780051B1A0 /* Debug */,
				2A9C7D6025AA8A780051B1A0 /* Release */,
			);
			defaultConfigurationIsVisible = 0;
			defaultConfigurationName = Release;
		};
/* End XCConfigurationList section */
	};
	rootObject = 2A9C7D5B25AA8A780051B1A0 /* Project object */;
}
